
Microsoft Visual Studio Solution File, Format Version 12.00
# Visual Studio 15
VisualStudioVersion = 15.0.27703.2042
MinimumVisualStudioVersion = 10.0.40219.1
Project("{9A19103F-16F7-4668-BE54-9A1E7A4F7556}") = "Katas", "Katas\Katas.csproj", "{610FF851-FEF2-470A-88F8-8F0D51D3AAED}"
EndProject
Project("{9A19103F-16F7-4668-BE54-9A1E7A4F7556}") = "Katas.Tests", "Katas.Tests\Katas.Tests.csproj", "{43E643B2-E43C-451A-A384-CDEAFEA8659A}"
EndProject
Project("{2150E333-8FDC-42A3-9474-1A3956D46DE8}") = "Solution Items", "Solution Items", "{E9921C3A-5160-41BB-9226-D00207A1F26F}"
	ProjectSection(SolutionItems) = preProject
		Readme.md = Readme.md
	EndProjectSection
EndProject
Global
	GlobalSection(SolutionConfigurationPlatforms) = preSolution
		Debug|Any CPU = Debug|Any CPU
		Release|Any CPU = Release|Any CPU
	EndGlobalSection
	GlobalSection(ProjectConfigurationPlatforms) = postSolution
		{610FF851-FEF2-470A-88F8-8F0D51D3AAED}.Debug|Any CPU.ActiveCfg = Debug|Any CPU
		{610FF851-FEF2-470A-88F8-8F0D51D3AAED}.Debug|Any CPU.Build.0 = Debug|Any CPU
		{610FF851-FEF2-470A-88F8-8F0D51D3AAED}.Release|Any CPU.ActiveCfg = Release|Any CPU
		{610FF851-FEF2-470A-88F8-8F0D51D3AAED}.Release|Any CPU.Build.0 = Release|Any CPU
		{43E643B2-E43C-451A-A384-CDEAFEA8659A}.Debug|Any CPU.ActiveCfg = Debug|Any CPU
		{43E643B2-E43C-451A-A384-CDEAFEA8659A}.Debug|Any CPU.Build.0 = Debug|Any CPU
		{43E643B2-E43C-451A-A384-CDEAFEA8659A}.Release|Any CPU.ActiveCfg = Release|Any CPU
		{43E643B2-E43C-451A-A384-CDEAFEA8659A}.Release|Any CPU.Build.0 = Release|Any CPU
	EndGlobalSection
	GlobalSection(SolutionProperties) = preSolution
		HideSolutionNode = FALSE
	EndGlobalSection
	GlobalSection(ExtensibilityGlobals) = postSolution
		SolutionGuid = {385C9550-92C4-4F45-A770-F8A1F4543C19}
	EndGlobalSection
EndGlobal
